
Microsoft Visual Studio Solution File, Format Version 12.00
# Visual Studio Version 17
VisualStudioVersion = 17.3.32922.545
MinimumVisualStudioVersion = 10.0.40219.1
Project("{2150E333-8FDC-42A3-9474-1A3956D46DE8}") = "Src", "Src", "{7E3CBC0C-4495-42FF-BD34-1FE08EEDFCCE}"
EndProject
Project("{FAE04EC0-301F-11D3-BF4B-00C04F79EFBC}") = "ApiGateway", "Src\ApiGateway\ApiGateway.csproj", "{721D0294-1765-4636-9F77-482F9F05AFB0}"
EndProject
Project("{2150E333-8FDC-42A3-9474-1A3956D46DE8}") = "Services", "Services", "{D285BFE9-D3F9-447A-A1D8-B7016BD7EB87}"
EndProject
Project("{2150E333-8FDC-42A3-9474-1A3956D46DE8}") = "DirectorApi", "DirectorApi", "{38BC087E-CA28-4363-9C9B-B16A37E72CB9}"
EndProject
Project("{FAE04EC0-301F-11D3-BF4B-00C04F79EFBC}") = "Director.API", "Src\Services\DirectorApi\Director.API\Director.API.csproj", "{04031206-C06D-49FB-AE1A-7D3008A4110B}"
EndProject
Project("{FAE04EC0-301F-11D3-BF4B-00C04F79EFBC}") = "Director.API.Models", "Src\Services\DirectorApi\Director.API.Models\Director.API.Models.csproj", "{326E9E25-1238-450F-A74A-AB0AA1149BF0}"
EndProject
Project("{FAE04EC0-301F-11D3-BF4B-00C04F79EFBC}") = "Director.API.Services", "Src\Services\DirectorApi\Director.API.Services\Director.API.Services.csproj", "{AD93B086-74C8-4339-B2D2-E90BD16E7D79}"
EndProject
Project("{FAE04EC0-301F-11D3-BF4B-00C04F79EFBC}") = "Director.API.Infrastructore", "Src\Services\DirectorApi\Director.API.Infrastructore\Director.API.Infrastructore.csproj", "{4B0403B6-0B22-4F64-B780-078147B2941A}"
EndProject
Project("{2150E333-8FDC-42A3-9474-1A3956D46DE8}") = "MovieApi", "MovieApi", "{8678F1C4-91AA-4F59-8187-3C6F62AF4B57}"
EndProject
Project("{FAE04EC0-301F-11D3-BF4B-00C04F79EFBC}") = "Movie.API.Infrastructure", "Src\Services\MovieApi\Movie.API.Infrastructure\Movie.API.Infrastructure.csproj", "{DE67312B-1D57-4DE2-86A6-3B42B02C640B}"
EndProject
Project("{FAE04EC0-301F-11D3-BF4B-00C04F79EFBC}") = "Movie.API.Models", "Src\Services\MovieApi\Movie.API.Models\Movie.API.Models.csproj", "{835F9614-6D50-4D49-8D00-0F704C1890F2}"
EndProject
Project("{FAE04EC0-301F-11D3-BF4B-00C04F79EFBC}") = "Movie.API.Services", "Src\Services\MovieApi\Movie.API.Services\Movie.API.Services.csproj", "{B1C96C6C-E0E3-43D4-8EE5-2B201E0F74A4}"
EndProject
Project("{FAE04EC0-301F-11D3-BF4B-00C04F79EFBC}") = "Movie.API", "Src\Services\MovieApi\Movie.API\Movie.API.csproj", "{A9E076F9-1AEC-486F-BE33-21F5011ECB68}"
EndProject
Global
	GlobalSection(SolutionConfigurationPlatforms) = preSolution
		Debug|Any CPU = Debug|Any CPU
		Release|Any CPU = Release|Any CPU
	EndGlobalSection
	GlobalSection(ProjectConfigurationPlatforms) = postSolution
		{721D0294-1765-4636-9F77-482F9F05AFB0}.Debug|Any CPU.ActiveCfg = Debug|Any CPU
		{721D0294-1765-4636-9F77-482F9F05AFB0}.Debug|Any CPU.Build.0 = Debug|Any CPU
		{721D0294-1765-4636-9F77-482F9F05AFB0}.Release|Any CPU.ActiveCfg = Release|Any CPU
		{721D0294-1765-4636-9F77-482F9F05AFB0}.Release|Any CPU.Build.0 = Release|Any CPU
		{04031206-C06D-49FB-AE1A-7D3008A4110B}.Debug|Any CPU.ActiveCfg = Debug|Any CPU
		{04031206-C06D-49FB-AE1A-7D3008A4110B}.Debug|Any CPU.Build.0 = Debug|Any CPU
		{04031206-C06D-49FB-AE1A-7D3008A4110B}.Release|Any CPU.ActiveCfg = Release|Any CPU
		{04031206-C06D-49FB-AE1A-7D3008A4110B}.Release|Any CPU.Build.0 = Release|Any CPU
		{326E9E25-1238-450F-A74A-AB0AA1149BF0}.Debug|Any CPU.ActiveCfg = Debug|Any CPU
		{326E9E25-1238-450F-A74A-AB0AA1149BF0}.Debug|Any CPU.Build.0 = Debug|Any CPU
		{326E9E25-1238-450F-A74A-AB0AA1149BF0}.Release|Any CPU.ActiveCfg = Release|Any CPU
		{326E9E25-1238-450F-A74A-AB0AA1149BF0}.Release|Any CPU.Build.0 = Release|Any CPU
		{AD93B086-74C8-4339-B2D2-E90BD16E7D79}.Debug|Any CPU.ActiveCfg = Debug|Any CPU
		{AD93B086-74C8-4339-B2D2-E90BD16E7D79}.Debug|Any CPU.Build.0 = Debug|Any CPU
		{AD93B086-74C8-4339-B2D2-E90BD16E7D79}.Release|Any CPU.ActiveCfg = Release|Any CPU
		{AD93B086-74C8-4339-B2D2-E90BD16E7D79}.Release|Any CPU.Build.0 = Release|Any CPU
		{4B0403B6-0B22-4F64-B780-078147B2941A}.Debug|Any CPU.ActiveCfg = Debug|Any CPU
		{4B0403B6-0B22-4F64-B780-078147B2941A}.Debug|Any CPU.Build.0 = Debug|Any CPU
		{4B0403B6-0B22-4F64-B780-078147B2941A}.Release|Any CPU.ActiveCfg = Release|Any CPU
		{4B0403B6-0B22-4F64-B780-078147B2941A}.Release|Any CPU.Build.0 = Release|Any CPU
		{DE67312B-1D57-4DE2-86A6-3B42B02C640B}.Debug|Any CPU.ActiveCfg = Debug|Any CPU
		{DE67312B-1D57-4DE2-86A6-3B42B02C640B}.Debug|Any CPU.Build.0 = Debug|Any CPU
		{DE67312B-1D57-4DE2-86A6-3B42B02C640B}.Release|Any CPU.ActiveCfg = Release|Any CPU
		{DE67312B-1D57-4DE2-86A6-3B42B02C640B}.Release|Any CPU.Build.0 = Release|Any CPU
		{835F9614-6D50-4D49-8D00-0F704C1890F2}.Debug|Any CPU.ActiveCfg = Debug|Any CPU
		{835F9614-6D50-4D49-8D00-0F704C1890F2}.Debug|Any CPU.Build.0 = Debug|Any CPU
		{835F9614-6D50-4D49-8D00-0F704C1890F2}.Release|Any CPU.ActiveCfg = Release|Any CPU
		{835F9614-6D50-4D49-8D00-0F704C1890F2}.Release|Any CPU.Build.0 = Release|Any CPU
		{B1C96C6C-E0E3-43D4-8EE5-2B201E0F74A4}.Debug|Any CPU.ActiveCfg = Debug|Any CPU
		{B1C96C6C-E0E3-43D4-8EE5-2B201E0F74A4}.Debug|Any CPU.Build.0 = Debug|Any CPU
		{B1C96C6C-E0E3-43D4-8EE5-2B201E0F74A4}.Release|Any CPU.ActiveCfg = Release|Any CPU
		{B1C96C6C-E0E3-43D4-8EE5-2B201E0F74A4}.Release|Any CPU.Build.0 = Release|Any CPU
		{A9E076F9-1AEC-486F-BE33-21F5011ECB68}.Debug|Any CPU.ActiveCfg = Debug|Any CPU
		{A9E076F9-1AEC-486F-BE33-21F5011ECB68}.Debug|Any CPU.Build.0 = Debug|Any CPU
		{A9E076F9-1AEC-486F-BE33-21F5011ECB68}.Release|Any CPU.ActiveCfg = Release|Any CPU
		{A9E076F9-1AEC-486F-BE33-21F5011ECB68}.Release|Any CPU.Build.0 = Release|Any CPU
	EndGlobalSection
	GlobalSection(SolutionProperties) = preSolution
		HideSolutionNode = FALSE
	EndGlobalSection
	GlobalSection(NestedProjects) = preSolution
		{721D0294-1765-4636-9F77-482F9F05AFB0} = {7E3CBC0C-4495-42FF-BD34-1FE08EEDFCCE}
		{D285BFE9-D3F9-447A-A1D8-B7016BD7EB87} = {7E3CBC0C-4495-42FF-BD34-1FE08EEDFCCE}
		{38BC087E-CA28-4363-9C9B-B16A37E72CB9} = {D285BFE9-D3F9-447A-A1D8-B7016BD7EB87}
		{04031206-C06D-49FB-AE1A-7D3008A4110B} = {38BC087E-CA28-4363-9C9B-B16A37E72CB9}
		{326E9E25-1238-450F-A74A-AB0AA1149BF0} = {38BC087E-CA28-4363-9C9B-B16A37E72CB9}
		{AD93B086-74C8-4339-B2D2-E90BD16E7D79} = {38BC087E-CA28-4363-9C9B-B16A37E72CB9}
		{4B0403B6-0B22-4F64-B780-078147B2941A} = {38BC087E-CA28-4363-9C9B-B16A37E72CB9}
		{8678F1C4-91AA-4F59-8187-3C6F62AF4B57} = {D285BFE9-D3F9-447A-A1D8-B7016BD7EB87}
		{DE67312B-1D57-4DE2-86A6-3B42B02C640B} = {8678F1C4-91AA-4F59-8187-3C6F62AF4B57}
		{835F9614-6D50-4D49-8D00-0F704C1890F2} = {8678F1C4-91AA-4F59-8187-3C6F62AF4B57}
		{B1C96C6C-E0E3-43D4-8EE5-2B201E0F74A4} = {8678F1C4-91AA-4F59-8187-3C6F62AF4B57}
		{A9E076F9-1AEC-486F-BE33-21F5011ECB68} = {8678F1C4-91AA-4F59-8187-3C6F62AF4B57}
	EndGlobalSection
	GlobalSection(ExtensibilityGlobals) = postSolution
		SolutionGuid = {30901DD6-9105-4477-BBA5-091BE8EE53F6}
	EndGlobalSection
EndGlobal
